// !$*UTF8*$!
{
	archiveVersion = 1;
	classes = {
	};
	objectVersion = 46;
	objects = {

/* Begin PBXBuildFile section */
		5DAF83390A47DE847BB72C1B /* libPods.a in Frameworks */ = {isa = PBXBuildFile; fileRef = 6E59837F9746FE7B605D784B /* libPods.a */; };
		F72283891CBFF48A001492D0 /* main.m in Sources */ = {isa = PBXBuildFile; fileRef = F72283881CBFF48A001492D0 /* main.m */; };
		F722838C1CBFF48A001492D0 /* AppDelegate.m in Sources */ = {isa = PBXBuildFile; fileRef = F722838B1CBFF48A001492D0 /* AppDelegate.m */; };
		F722838F1CBFF48A001492D0 /* ViewController.m in Sources */ = {isa = PBXBuildFile; fileRef = F722838E1CBFF48A001492D0 /* ViewController.m */; };
		F72283921CBFF48A001492D0 /* Main.storyboard in Resources */ = {isa = PBXBuildFile; fileRef = F72283901CBFF48A001492D0 /* Main.storyboard */; };
		F72283941CBFF48A001492D0 /* Assets.xcassets in Resources */ = {isa = PBXBuildFile; fileRef = F72283931CBFF48A001492D0 /* Assets.xcassets */; };
		F72283971CBFF48A001492D0 /* LaunchScreen.storyboard in Resources */ = {isa = PBXBuildFile; fileRef = F72283951CBFF48A001492D0 /* LaunchScreen.storyboard */; };
		F72283A21CBFF48A001492D0 /* broadcastMindiOSTests.m in Sources */ = {isa = PBXBuildFile; fileRef = F72283A11CBFF48A001492D0 /* broadcastMindiOSTests.m */; };
		F72283AD1CBFF48A001492D0 /* broadcastMindiOSUITests.m in Sources */ = {isa = PBXBuildFile; fileRef = F72283AC1CBFF48A001492D0 /* broadcastMindiOSUITests.m */; };
		F74CC9901CBFF6AD00588D2A /* BMClient.m in Sources */ = {isa = PBXBuildFile; fileRef = F74CC98D1CBFF6AD00588D2A /* BMClient.m */; };
		F74CC9911CBFF6AD00588D2A /* BMService.m in Sources */ = {isa = PBXBuildFile; fileRef = F74CC98F1CBFF6AD00588D2A /* BMService.m */; };
/* End PBXBuildFile section */

/* Begin PBXContainerItemProxy section */
		F722839E1CBFF48A001492D0 /* PBXContainerItemProxy */ = {
			isa = PBXContainerItemProxy;
			containerPortal = F722837C1CBFF48A001492D0 /* Project object */;
			proxyType = 1;
			remoteGlobalIDString = F72283831CBFF48A001492D0;
			remoteInfo = broadcastMindiOS;
		};
		F72283A91CBFF48A001492D0 /* PBXContainerItemProxy */ = {
			isa = PBXContainerItemProxy;
			containerPortal = F722837C1CBFF48A001492D0 /* Project object */;
			proxyType = 1;
			remoteGlobalIDString = F72283831CBFF48A001492D0;
			remoteInfo = broadcastMindiOS;
		};
/* End PBXContainerItemProxy section */

/* Begin PBXFileReference section */
		140F051450FF2A67D5C6EE70 /* Pods.debug.xcconfig */ = {isa = PBXFileReference; includeInIndex = 1; lastKnownFileType = text.xcconfig; name = Pods.debug.xcconfig; path = "Pods/Target Support Files/Pods/Pods.debug.xcconfig"; sourceTree = "<group>"; };
		6E59837F9746FE7B605D784B /* libPods.a */ = {isa = PBXFileReference; explicitFileType = archive.ar; includeInIndex = 0; path = libPods.a; sourceTree = BUILT_PRODUCTS_DIR; };
		7F79E26AB2828DFEB5F62F8A /* Pods.release.xcconfig */ = {isa = PBXFileReference; includeInIndex = 1; lastKnownFileType = text.xcconfig; name = Pods.release.xcconfig; path = "Pods/Target Support Files/Pods/Pods.release.xcconfig"; sourceTree = "<group>"; };
		F72283841CBFF48A001492D0 /* broadcastMindiOS.app */ = {isa = PBXFileReference; explicitFileType = wrapper.application; includeInIndex = 0; path = broadcastMindiOS.app; sourceTree = BUILT_PRODUCTS_DIR; };
		F72283881CBFF48A001492D0 /* main.m */ = {isa = PBXFileReference; lastKnownFileType = sourcecode.c.objc; path = main.m; sourceTree = "<group>"; };
		F722838A1CBFF48A001492D0 /* AppDelegate.h */ = {isa = PBXFileReference; lastKnownFileType = sourcecode.c.h; path = AppDelegate.h; sourceTree = "<group>"; };
		F722838B1CBFF48A001492D0 /* AppDelegate.m */ = {isa = PBXFileReference; lastKnownFileType = sourcecode.c.objc; path = AppDelegate.m; sourceTree = "<group>"; };
		F722838D1CBFF48A001492D0 /* ViewController.h */ = {isa = PBXFileReference; lastKnownFileType = sourcecode.c.h; path = ViewController.h; sourceTree = "<group>"; };
		F722838E1CBFF48A001492D0 /* ViewController.m */ = {isa = PBXFileReference; lastKnownFileType = sourcecode.c.objc; path = ViewController.m; sourceTree = "<group>"; };
		F72283911CBFF48A001492D0 /* Base */ = {isa = PBXFileReference; lastKnownFileType = file.storyboard; name = Base; path = Base.lproj/Main.storyboard; sourceTree = "<group>"; };
		F72283931CBFF48A001492D0 /* Assets.xcassets */ = {isa = PBXFileReference; lastKnownFileType = folder.assetcatalog; path = Assets.xcassets; sourceTree = "<group>"; };
		F72283961CBFF48A001492D0 /* Base */ = {isa = PBXFileReference; lastKnownFileType = file.storyboard; name = Base; path = Base.lproj/LaunchScreen.storyboard; sourceTree = "<group>"; };
		F72283981CBFF48A001492D0 /* Info.plist */ = {isa = PBXFileReference; lastKnownFileType = text.plist.xml; path = Info.plist; sourceTree = "<group>"; };
		F722839D1CBFF48A001492D0 /* broadcastMindiOSTests.xctest */ = {isa = PBXFileReference; explicitFileType = wrapper.cfbundle; includeInIndex = 0; path = broadcastMindiOSTests.xctest; sourceTree = BUILT_PRODUCTS_DIR; };
		F72283A11CBFF48A001492D0 /* broadcastMindiOSTests.m */ = {isa = PBXFileReference; lastKnownFileType = sourcecode.c.objc; path = broadcastMindiOSTests.m; sourceTree = "<group>"; };
		F72283A31CBFF48A001492D0 /* Info.plist */ = {isa = PBXFileReference; lastKnownFileType = text.plist.xml; path = Info.plist; sourceTree = "<group>"; };
		F72283A81CBFF48A001492D0 /* broadcastMindiOSUITests.xctest */ = {isa = PBXFileReference; explicitFileType = wrapper.cfbundle; includeInIndex = 0; path = broadcastMindiOSUITests.xctest; sourceTree = BUILT_PRODUCTS_DIR; };
		F72283AC1CBFF48A001492D0 /* broadcastMindiOSUITests.m */ = {isa = PBXFileReference; lastKnownFileType = sourcecode.c.objc; path = broadcastMindiOSUITests.m; sourceTree = "<group>"; };
		F72283AE1CBFF48A001492D0 /* Info.plist */ = {isa = PBXFileReference; lastKnownFileType = text.plist.xml; path = Info.plist; sourceTree = "<group>"; };
		F74CC98C1CBFF6AD00588D2A /* BMClient.h */ = {isa = PBXFileReference; fileEncoding = 4; lastKnownFileType = sourcecode.c.h; path = BMClient.h; sourceTree = "<group>"; };
		F74CC98D1CBFF6AD00588D2A /* BMClient.m */ = {isa = PBXFileReference; fileEncoding = 4; lastKnownFileType = sourcecode.c.objc; path = BMClient.m; sourceTree = "<group>"; };
		F74CC98E1CBFF6AD00588D2A /* BMService.h */ = {isa = PBXFileReference; fileEncoding = 4; lastKnownFileType = sourcecode.c.h; path = BMService.h; sourceTree = "<group>"; };
		F74CC98F1CBFF6AD00588D2A /* BMService.m */ = {isa = PBXFileReference; fileEncoding = 4; lastKnownFileType = sourcecode.c.objc; path = BMService.m; sourceTree = "<group>"; };
/* End PBXFileReference section */

/* Begin PBXFrameworksBuildPhase section */
		F72283811CBFF48A001492D0 /* Frameworks */ = {
			isa = PBXFrameworksBuildPhase;
			buildActionMask = 2147483647;
			files = (
				5DAF83390A47DE847BB72C1B /* libPods.a in Frameworks */,
			);
			runOnlyForDeploymentPostprocessing = 0;
		};
		F722839A1CBFF48A001492D0 /* Frameworks */ = {
			isa = PBXFrameworksBuildPhase;
			buildActionMask = 2147483647;
			files = (
			);
			runOnlyForDeploymentPostprocessing = 0;
		};
		F72283A51CBFF48A001492D0 /* Frameworks */ = {
			isa = PBXFrameworksBuildPhase;
			buildActionMask = 2147483647;
			files = (
			);
			runOnlyForDeploymentPostprocessing = 0;
		};
/* End PBXFrameworksBuildPhase section */

/* Begin PBXGroup section */
		3A45EF5118A0E096DE406F30 /* Frameworks */ = {
			isa = PBXGroup;
			children = (
				6E59837F9746FE7B605D784B /* libPods.a */,
			);
			name = Frameworks;
			sourceTree = "<group>";
		};
		BEB4464BB46A50B3BF37C10C /* Pods */ = {
			isa = PBXGroup;
			children = (
				140F051450FF2A67D5C6EE70 /* Pods.debug.xcconfig */,
				7F79E26AB2828DFEB5F62F8A /* Pods.release.xcconfig */,
			);
			name = Pods;
			sourceTree = "<group>";
		};
		F722837B1CBFF48A001492D0 = {
			isa = PBXGroup;
			children = (
				F72283861CBFF48A001492D0 /* broadcastMindiOS */,
				F72283A01CBFF48A001492D0 /* broadcastMindiOSTests */,
				F72283AB1CBFF48A001492D0 /* broadcastMindiOSUITests */,
				F72283851CBFF48A001492D0 /* Products */,
				BEB4464BB46A50B3BF37C10C /* Pods */,
				3A45EF5118A0E096DE406F30 /* Frameworks */,
			);
			sourceTree = "<group>";
		};
		F72283851CBFF48A001492D0 /* Products */ = {
			isa = PBXGroup;
			children = (
				F72283841CBFF48A001492D0 /* broadcastMindiOS.app */,
				F722839D1CBFF48A001492D0 /* broadcastMindiOSTests.xctest */,
				F72283A81CBFF48A001492D0 /* broadcastMindiOSUITests.xctest */,
			);
			name = Products;
			sourceTree = "<group>";
		};
		F72283861CBFF48A001492D0 /* broadcastMindiOS */ = {
			isa = PBXGroup;
			children = (
				F74CC98A1CBFF64700588D2A /* Src */,
				F722838A1CBFF48A001492D0 /* AppDelegate.h */,
				F722838B1CBFF48A001492D0 /* AppDelegate.m */,
				F722838D1CBFF48A001492D0 /* ViewController.h */,
				F722838E1CBFF48A001492D0 /* ViewController.m */,
				F72283901CBFF48A001492D0 /* Main.storyboard */,
				F72283931CBFF48A001492D0 /* Assets.xcassets */,
				F72283951CBFF48A001492D0 /* LaunchScreen.storyboard */,
				F72283981CBFF48A001492D0 /* Info.plist */,
				F72283871CBFF48A001492D0 /* Supporting Files */,
			);
			path = broadcastMindiOS;
			sourceTree = "<group>";
		};
		F72283871CBFF48A001492D0 /* Supporting Files */ = {
			isa = PBXGroup;
			children = (
				F72283881CBFF48A001492D0 /* main.m */,
			);
			name = "Supporting Files";
			sourceTree = "<group>";
		};
		F72283A01CBFF48A001492D0 /* broadcastMindiOSTests */ = {
			isa = PBXGroup;
			children = (
				F72283A11CBFF48A001492D0 /* broadcastMindiOSTests.m */,
				F72283A31CBFF48A001492D0 /* Info.plist */,
			);
			path = broadcastMindiOSTests;
			sourceTree = "<group>";
		};
		F72283AB1CBFF48A001492D0 /* broadcastMindiOSUITests */ = {
			isa = PBXGroup;
			children = (
				F72283AC1CBFF48A001492D0 /* broadcastMindiOSUITests.m */,
				F72283AE1CBFF48A001492D0 /* Info.plist */,
			);
			path = broadcastMindiOSUITests;
			sourceTree = "<group>";
		};
		F74CC98A1CBFF64700588D2A /* Src */ = {
			isa = PBXGroup;
			children = (
				F74CC9921CBFF7DE00588D2A /* Main */,
				F74CC98B1CBFF65A00588D2A /* Client */,
			);
			path = Src;
			sourceTree = "<group>";
		};
		F74CC98B1CBFF65A00588D2A /* Client */ = {
			isa = PBXGroup;
			children = (
				F74CC98C1CBFF6AD00588D2A /* BMClient.h */,
				F74CC98D1CBFF6AD00588D2A /* BMClient.m */,
				F74CC98E1CBFF6AD00588D2A /* BMService.h */,
				F74CC98F1CBFF6AD00588D2A /* BMService.m */,
			);
			path = Client;
			sourceTree = "<group>";
		};
		F74CC9921CBFF7DE00588D2A /* Main */ = {
			isa = PBXGroup;
			children = (
			);
			path = Main;
			sourceTree = "<group>";
		};
/* End PBXGroup section */

/* Begin PBXNativeTarget section */
		F72283831CBFF48A001492D0 /* broadcastMindiOS */ = {
			isa = PBXNativeTarget;
			buildConfigurationList = F72283B11CBFF48A001492D0 /* Build configuration list for PBXNativeTarget "broadcastMindiOS" */;
			buildPhases = (
				7F73500CA0F6A7458822E359 /* Check Pods Manifest.lock */,
				F72283801CBFF48A001492D0 /* Sources */,
				F72283811CBFF48A001492D0 /* Frameworks */,
				F72283821CBFF48A001492D0 /* Resources */,
				8279B4F999A5853A8651302C /* Embed Pods Frameworks */,
				AB2920C5B34A6C1796AEEC65 /* Copy Pods Resources */,
			);
			buildRules = (
			);
			dependencies = (
			);
			name = broadcastMindiOS;
			productName = broadcastMindiOS;
			productReference = F72283841CBFF48A001492D0 /* broadcastMindiOS.app */;
			productType = "com.apple.product-type.application";
		};
		F722839C1CBFF48A001492D0 /* broadcastMindiOSTests */ = {
			isa = PBXNativeTarget;
			buildConfigurationList = F72283B41CBFF48A001492D0 /* Build configuration list for PBXNativeTarget "broadcastMindiOSTests" */;
			buildPhases = (
				F72283991CBFF48A001492D0 /* Sources */,
				F722839A1CBFF48A001492D0 /* Frameworks */,
				F722839B1CBFF48A001492D0 /* Resources */,
			);
			buildRules = (
			);
			dependencies = (
				F722839F1CBFF48A001492D0 /* PBXTargetDependency */,
			);
			name = broadcastMindiOSTests;
			productName = broadcastMindiOSTests;
			productReference = F722839D1CBFF48A001492D0 /* broadcastMindiOSTests.xctest */;
			productType = "com.apple.product-type.bundle.unit-test";
		};
		F72283A71CBFF48A001492D0 /* broadcastMindiOSUITests */ = {
			isa = PBXNativeTarget;
			buildConfigurationList = F72283B71CBFF48A001492D0 /* Build configuration list for PBXNativeTarget "broadcastMindiOSUITests" */;
			buildPhases = (
				F72283A41CBFF48A001492D0 /* Sources */,
				F72283A51CBFF48A001492D0 /* Frameworks */,
				F72283A61CBFF48A001492D0 /* Resources */,
			);
			buildRules = (
			);
			dependencies = (
				F72283AA1CBFF48A001492D0 /* PBXTargetDependency */,
			);
			name = broadcastMindiOSUITests;
			productName = broadcastMindiOSUITests;
			productReference = F72283A81CBFF48A001492D0 /* broadcastMindiOSUITests.xctest */;
			productType = "com.apple.product-type.bundle.ui-testing";
		};
/* End PBXNativeTarget section */

/* Begin PBXProject section */
		F722837C1CBFF48A001492D0 /* Project object */ = {
			isa = PBXProject;
			attributes = {
				LastUpgradeCheck = 0730;
				ORGANIZATIONNAME = ap;
				TargetAttributes = {
					F72283831CBFF48A001492D0 = {
						CreatedOnToolsVersion = 7.3;
					};
					F722839C1CBFF48A001492D0 = {
						CreatedOnToolsVersion = 7.3;
						TestTargetID = F72283831CBFF48A001492D0;
					};
					F72283A71CBFF48A001492D0 = {
						CreatedOnToolsVersion = 7.3;
						TestTargetID = F72283831CBFF48A001492D0;
					};
				};
			};
			buildConfigurationList = F722837F1CBFF48A001492D0 /* Build configuration list for PBXProject "broadcastMindiOS" */;
			compatibilityVersion = "Xcode 3.2";
			developmentRegion = English;
			hasScannedForEncodings = 0;
			knownRegions = (
				en,
				Base,
			);
			mainGroup = F722837B1CBFF48A001492D0;
			productRefGroup = F72283851CBFF48A001492D0 /* Products */;
			projectDirPath = "";
			projectRoot = "";
			targets = (
				F72283831CBFF48A001492D0 /* broadcastMindiOS */,
				F722839C1CBFF48A001492D0 /* broadcastMindiOSTests */,
				F72283A71CBFF48A001492D0 /* broadcastMindiOSUITests */,
			);
		};
/* End PBXProject section */

/* Begin PBXResourcesBuildPhase section */
		F72283821CBFF48A001492D0 /* Resources */ = {
			isa = PBXResourcesBuildPhase;
			buildActionMask = 2147483647;
			files = (
				F72283971CBFF48A001492D0 /* LaunchScreen.storyboard in Resources */,
				F72283941CBFF48A001492D0 /* Assets.xcassets in Resources */,
				F72283921CBFF48A001492D0 /* Main.storyboard in Resources */,
			);
			runOnlyForDeploymentPostprocessing = 0;
		};
		F722839B1CBFF48A001492D0 /* Resources */ = {
			isa = PBXResourcesBuildPhase;
			buildActionMask = 2147483647;
			files = (
			);
			runOnlyForDeploymentPostprocessing = 0;
		};
		F72283A61CBFF48A001492D0 /* Resources */ = {
			isa = PBXResourcesBuildPhase;
			buildActionMask = 2147483647;
			files = (
			);
			runOnlyForDeploymentPostprocessing = 0;
		};
/* End PBXResourcesBuildPhase section */

/* Begin PBXShellScriptBuildPhase section */
		7F73500CA0F6A7458822E359 /* Check Pods Manifest.lock */ = {
			isa = PBXShellScriptBuildPhase;
			buildActionMask = 2147483647;
			files = (
			);
			inputPaths = (
			);
			name = "Check Pods Manifest.lock";
			outputPaths = (
			);
			runOnlyForDeploymentPostprocessing = 0;
			shellPath = /bin/sh;
			shellScript = "diff \"${PODS_ROOT}/../Podfile.lock\" \"${PODS_ROOT}/Manifest.lock\" > /dev/null\nif [[ $? != 0 ]] ; then\n    cat << EOM\nerror: The sandbox is not in sync with the Podfile.lock. Run 'pod install' or update your CocoaPods installation.\nEOM\n    exit 1\nfi\n";
			showEnvVarsInLog = 0;
		};
		8279B4F999A5853A8651302C /* Embed Pods Frameworks */ = {
			isa = PBXShellScriptBuildPhase;
			buildActionMask = 2147483647;
			files = (
			);
			inputPaths = (
			);
			name = "Embed Pods Frameworks";
			outputPaths = (
			);
			runOnlyForDeploymentPostprocessing = 0;
			shellPath = /bin/sh;
			shellScript = "\"${SRCROOT}/Pods/Target Support Files/Pods/Pods-frameworks.sh\"\n";
			showEnvVarsInLog = 0;
		};
		AB2920C5B34A6C1796AEEC65 /* Copy Pods Resources */ = {
			isa = PBXShellScriptBuildPhase;
			buildActionMask = 2147483647;
			files = (
			);
			inputPaths = (
			);
			name = "Copy Pods Resources";
			outputPaths = (
			);
			runOnlyForDeploymentPostprocessing = 0;
			shellPath = /bin/sh;
			shellScript = "\"${SRCROOT}/Pods/Target Support Files/Pods/Pods-resources.sh\"\n";
			showEnvVarsInLog = 0;
		};
/* End PBXShellScriptBuildPhase section */

/* Begin PBXSourcesBuildPhase section */
		F72283801CBFF48A001492D0 /* Sources */ = {
			isa = PBXSourcesBuildPhase;
			buildActionMask = 2147483647;
			files = (
				F722838F1CBFF48A001492D0 /* ViewController.m in Sources */,
				F74CC9901CBFF6AD00588D2A /* BMClient.m in Sources */,
				F722838C1CBFF48A001492D0 /* AppDelegate.m in Sources */,
				F74CC9911CBFF6AD00588D2A /* BMService.m in Sources */,
				F72283891CBFF48A001492D0 /* main.m in Sources */,
			);
			runOnlyForDeploymentPostprocessing = 0;
		};
		F72283991CBFF48A001492D0 /* Sources */ = {
			isa = PBXSourcesBuildPhase;
			buildActionMask = 2147483647;
			files = (
				F72283A21CBFF48A001492D0 /* broadcastMindiOSTests.m in Sources */,
			);
			runOnlyForDeploymentPostprocessing = 0;
		};
		F72283A41CBFF48A001492D0 /* Sources */ = {
			isa = PBXSourcesBuildPhase;
			buildActionMask = 2147483647;
			files = (
				F72283AD1CBFF48A001492D0 /* broadcastMindiOSUITests.m in Sources */,
			);
			runOnlyForDeploymentPostprocessing = 0;
		};
/* End PBXSourcesBuildPhase section */

/* Begin PBXTargetDependency section */
		F722839F1CBFF48A001492D0 /* PBXTargetDependency */ = {
			isa = PBXTargetDependency;
			target = F72283831CBFF48A001492D0 /* broadcastMindiOS */;
			targetProxy = F722839E1CBFF48A001492D0 /* PBXContainerItemProxy */;
		};
		F72283AA1CBFF48A001492D0 /* PBXTargetDependency */ = {
			isa = PBXTargetDependency;
			target = F72283831CBFF48A001492D0 /* broadcastMindiOS */;
			targetProxy = F72283A91CBFF48A001492D0 /* PBXContainerItemProxy */;
		};
/* End PBXTargetDependency section */

/* Begin PBXVariantGroup section */
		F72283901CBFF48A001492D0 /* Main.storyboard */ = {
			isa = PBXVariantGroup;
			children = (
				F72283911CBFF48A001492D0 /* Base */,
			);
			name = Main.storyboard;
			sourceTree = "<group>";
		};
		F72283951CBFF48A001492D0 /* LaunchScreen.storyboard */ = {
			isa = PBXVariantGroup;
			children = (
				F72283961CBFF48A001492D0 /* Base */,
			);
			name = LaunchScreen.storyboard;
			sourceTree = "<group>";
		};
/* End PBXVariantGroup section */

/* Begin XCBuildConfiguration section */
		F72283AF1CBFF48A001492D0 /* Debug */ = {
			isa = XCBuildConfiguration;
			buildSettings = {
				ALWAYS_SEARCH_USER_PATHS = NO;
				CLANG_ANALYZER_NONNULL = YES;
				CLANG_CXX_LANGUAGE_STANDARD = "gnu++0x";
				CLANG_CXX_LIBRARY = "libc++";
				CLANG_ENABLE_MODULES = YES;
				CLANG_ENABLE_OBJC_ARC = YES;
				CLANG_WARN_BOOL_CONVERSION = YES;
				CLANG_WARN_CONSTANT_CONVERSION = YES;
				CLANG_WARN_DIRECT_OBJC_ISA_USAGE = YES_ERROR;
				CLANG_WARN_EMPTY_BODY = YES;
				CLANG_WARN_ENUM_CONVERSION = YES;
				CLANG_WARN_INT_CONVERSION = YES;
				CLANG_WARN_OBJC_ROOT_CLASS = YES_ERROR;
				CLANG_WARN_UNREACHABLE_CODE = YES;
				CLANG_WARN__DUPLICATE_METHOD_MATCH = YES;
				"CODE_SIGN_IDENTITY[sdk=iphoneos*]" = "iPhone Developer";
				COPY_PHASE_STRIP = NO;
				DEBUG_INFORMATION_FORMAT = dwarf;
				ENABLE_STRICT_OBJC_MSGSEND = YES;
				ENABLE_TESTABILITY = YES;
				GCC_C_LANGUAGE_STANDARD = gnu99;
				GCC_DYNAMIC_NO_PIC = NO;
				GCC_NO_COMMON_BLOCKS = YES;
				GCC_OPTIMIZATION_LEVEL = 0;
				GCC_PREPROCESSOR_DEFINITIONS = (
					"DEBUG=1",
					"$(inherited)",
				);
				GCC_WARN_64_TO_32_BIT_CONVERSION = YES;
				GCC_WARN_ABOUT_RETURN_TYPE = YES_ERROR;
				GCC_WARN_UNDECLARED_SELECTOR = YES;
				GCC_WARN_UNINITIALIZED_AUTOS = YES_AGGRESSIVE;
				GCC_WARN_UNUSED_FUNCTION = YES;
				GCC_WARN_UNUSED_VARIABLE = YES;
				IPHONEOS_DEPLOYMENT_TARGET = 9.3;
				MTL_ENABLE_DEBUG_INFO = YES;
				ONLY_ACTIVE_ARCH = YES;
				SDKROOT = iphoneos;
			};
			name = Debug;
		};
		F72283B01CBFF48A001492D0 /* Release */ = {
			isa = XCBuildConfiguration;
			buildSettings = {
				ALWAYS_SEARCH_USER_PATHS = NO;
				CLANG_ANALYZER_NONNULL = YES;
				CLANG_CXX_LANGUAGE_STANDARD = "gnu++0x";
				CLANG_CXX_LIBRARY = "libc++";
				CLANG_ENABLE_MODULES = YES;
				CLANG_ENABLE_OBJC_ARC = YES;
				CLANG_WARN_BOOL_CONVERSION = YES;
				CLANG_WARN_CONSTANT_CONVERSION = YES;
				CLANG_WARN_DIRECT_OBJC_ISA_USAGE = YES_ERROR;
				CLANG_WARN_EMPTY_BODY = YES;
				CLANG_WARN_ENUM_CONVERSION = YES;
				CLANG_WARN_INT_CONVERSION = YES;
				CLANG_WARN_OBJC_ROOT_CLASS = YES_ERROR;
				CLANG_WARN_UNREACHABLE_CODE = YES;
				CLANG_WARN__DUPLICATE_METHOD_MATCH = YES;
				"CODE_SIGN_IDENTITY[sdk=iphoneos*]" = "iPhone Developer";
				COPY_PHASE_STRIP = NO;
				DEBUG_INFORMATION_FORMAT = "dwarf-with-dsym";
				ENABLE_NS_ASSERTIONS = NO;
				ENABLE_STRICT_OBJC_MSGSEND = YES;
				GCC_C_LANGUAGE_STANDARD = gnu99;
				GCC_NO_COMMON_BLOCKS = YES;
				GCC_WARN_64_TO_32_BIT_CONVERSION = YES;
				GCC_WARN_ABOUT_RETURN_TYPE = YES_ERROR;
				GCC_WARN_UNDECLARED_SELECTOR = YES;
				GCC_WARN_UNINITIALIZED_AUTOS = YES_AGGRESSIVE;
				GCC_WARN_UNUSED_FUNCTION = YES;
				GCC_WARN_UNUSED_VARIABLE = YES;
				IPHONEOS_DEPLOYMENT_TARGET = 9.3;
				MTL_ENABLE_DEBUG_INFO = NO;
				SDKROOT = iphoneos;
				VALIDATE_PRODUCT = YES;
			};
			name = Release;
		};
		F72283B21CBFF48A001492D0 /* Debug */ = {
			isa = XCBuildConfiguration;
			baseConfigurationReference = 140F051450FF2A67D5C6EE70 /* Pods.debug.xcconfig */;
			buildSettings = {
				ASSETCATALOG_COMPILER_APPICON_NAME = AppIcon;
				INFOPLIST_FILE = broadcastMindiOS/Info.plist;
				IPHONEOS_DEPLOYMENT_TARGET = 8.0;
				LD_RUNPATH_SEARCH_PATHS = "$(inherited) @executable_path/Frameworks";
				PRODUCT_BUNDLE_IDENTIFIER = com.ap.broadcastMindiOS;
				PRODUCT_NAME = "$(TARGET_NAME)";
			};
			name = Debug;
		};
		F72283B31CBFF48A001492D0 /* Release */ = {
			isa = XCBuildConfiguration;
			baseConfigurationReference = 7F79E26AB2828DFEB5F62F8A /* Pods.release.xcconfig */;
			buildSettings = {
				ASSETCATALOG_COMPILER_APPICON_NAME = AppIcon;
				INFOPLIST_FILE = broadcastMindiOS/Info.plist;
				IPHONEOS_DEPLOYMENT_TARGET = 8.0;
				LD_RUNPATH_SEARCH_PATHS = "$(inherited) @executable_path/Frameworks";
				PRODUCT_BUNDLE_IDENTIFIER = com.ap.broadcastMindiOS;
				PRODUCT_NAME = "$(TARGET_NAME)";
			};
			name = Release;
		};
		F72283B51CBFF48A001492D0 /* Debug */ = {
			isa = XCBuildConfiguration;
			buildSettings = {
				BUNDLE_LOADER = "$(TEST_HOST)";
				INFOPLIST_FILE = broadcastMindiOSTests/Info.plist;
				LD_RUNPATH_SEARCH_PATHS = "$(inherited) @executable_path/Frameworks @loader_path/Frameworks";
				PRODUCT_BUNDLE_IDENTIFIER = com.ap.broadcastMindiOSTests;
				PRODUCT_NAME = "$(TARGET_NAME)";
				TEST_HOST = "$(BUILT_PRODUCTS_DIR)/broadcastMindiOS.app/broadcastMindiOS";
			};
			name = Debug;
		};
		F72283B61CBFF48A001492D0 /* Release */ = {
			isa = XCBuildConfiguration;
			buildSettings = {
				BUNDLE_LOADER = "$(TEST_HOST)";
				INFOPLIST_FILE = broadcastMindiOSTests/Info.plist;
				LD_RUNPATH_SEARCH_PATHS = "$(inherited) @executable_path/Frameworks @loader_path/Frameworks";
				PRODUCT_BUNDLE_IDENTIFIER = com.ap.broadcastMindiOSTests;
				PRODUCT_NAME = "$(TARGET_NAME)";
				TEST_HOST = "$(BUILT_PRODUCTS_DIR)/broadcastMindiOS.app/broadcastMindiOS";
			};
			name = Release;
		};
		F72283B81CBFF48A001492D0 /* Debug */ = {
			isa = XCBuildConfiguration;
			buildSettings = {
				INFOPLIST_FILE = broadcastMindiOSUITests/Info.plist;
				LD_RUNPATH_SEARCH_PATHS = "$(inherited) @executable_path/Frameworks @loader_path/Frameworks";
				PRODUCT_BUNDLE_IDENTIFIER = com.ap.broadcastMindiOSUITests;
				PRODUCT_NAME = "$(TARGET_NAME)";
				TEST_TARGET_NAME = broadcastMindiOS;
			};
			name = Debug;
		};
		F72283B91CBFF48A001492D0 /* Release */ = {
			isa = XCBuildConfiguration;
			buildSettings = {
				INFOPLIST_FILE = broadcastMindiOSUITests/Info.plist;
				LD_RUNPATH_SEARCH_PATHS = "$(inherited) @executable_path/Frameworks @loader_path/Frameworks";
				PRODUCT_BUNDLE_IDENTIFIER = com.ap.broadcastMindiOSUITests;
				PRODUCT_NAME = "$(TARGET_NAME)";
				TEST_TARGET_NAME = broadcastMindiOS;
			};
			name = Release;
		};
/* End XCBuildConfiguration section */

/* Begin XCConfigurationList section */
		F722837F1CBFF48A001492D0 /* Build configuration list for PBXProject "broadcastMindiOS" */ = {
			isa = XCConfigurationList;
			buildConfigurations = (
				F72283AF1CBFF48A001492D0 /* Debug */,
				F72283B01CBFF48A001492D0 /* Release */,
			);
			defaultConfigurationIsVisible = 0;
			defaultConfigurationName = Release;
		};
		F72283B11CBFF48A001492D0 /* Build configuration list for PBXNativeTarget "broadcastMindiOS" */ = {
			isa = XCConfigurationList;
			buildConfigurations = (
				F72283B21CBFF48A001492D0 /* Debug */,
				F72283B31CBFF48A001492D0 /* Release */,
			);
			defaultConfigurationIsVisible = 0;
			defaultConfigurationName = Release;
		};
		F72283B41CBFF48A001492D0 /* Build configuration list for PBXNativeTarget "broadcastMindiOSTests" */ = {
			isa = XCConfigurationList;
			buildConfigurations = (
				F72283B51CBFF48A001492D0 /* Debug */,
				F72283B61CBFF48A001492D0 /* Release */,
			);
			defaultConfigurationIsVisible = 0;
			defaultConfigurationName = Release;
		};
		F72283B71CBFF48A001492D0 /* Build configuration list for PBXNativeTarget "broadcastMindiOSUITests" */ = {
			isa = XCConfigurationList;
			buildConfigurations = (
				F72283B81CBFF48A001492D0 /* Debug */,
				F72283B91CBFF48A001492D0 /* Release */,
			);
			defaultConfigurationIsVisible = 0;
			defaultConfigurationName = Release;
		};
/* End XCConfigurationList section */
	};
	rootObject = F722837C1CBFF48A001492D0 /* Project object */;
}
